// !$*UTF8*$!
{
	archiveVersion = 1;
	classes = {
	};
	objectVersion = 56;
	objects = {

/* Begin PBXBuildFile section */
		4EDE474F2C7E27F700801B43 /* AppDelegate.swift in Sources */ = {isa = PBXBuildFile; fileRef = 4EDE474E2C7E27F700801B43 /* AppDelegate.swift */; };
		4EDE47512C7E27F700801B43 /* SceneDelegate.swift in Sources */ = {isa = PBXBuildFile; fileRef = 4EDE47502C7E27F700801B43 /* SceneDelegate.swift */; };
		4EDE47532C7E27F700801B43 /* ViewController.swift in Sources */ = {isa = PBXBuildFile; fileRef = 4EDE47522C7E27F700801B43 /* ViewController.swift */; };
		4EDE47582C7E27F800801B43 /* Assets.xcassets in Resources */ = {isa = PBXBuildFile; fileRef = 4EDE47572C7E27F800801B43 /* Assets.xcassets */; };
		4EDE475B2C7E27F800801B43 /* Base in Resources */ = {isa = PBXBuildFile; fileRef = 4EDE475A2C7E27F800801B43 /* Base */; };
		4EDE47632C7E29FD00801B43 /* CVTabBarController.swift in Sources */ = {isa = PBXBuildFile; fileRef = 4EDE47622C7E29FD00801B43 /* CVTabBarController.swift */; };
		4EDE476A2C7E494300801B43 /* CVTrendingCryptosViewController.swift in Sources */ = {isa = PBXBuildFile; fileRef = 4EDE47692C7E494300801B43 /* CVTrendingCryptosViewController.swift */; };
		4EDE476C2C7E497200801B43 /* CVFavoriteCryptosViewController.swift in Sources */ = {isa = PBXBuildFile; fileRef = 4EDE476B2C7E497200801B43 /* CVFavoriteCryptosViewController.swift */; };
		4EDE47702C7E770100801B43 /* CVCryptoCell.swift in Sources */ = {isa = PBXBuildFile; fileRef = 4EDE476F2C7E770100801B43 /* CVCryptoCell.swift */; };
		4EDE47732C7E7C3D00801B43 /* CVCryptoLogo.swift in Sources */ = {isa = PBXBuildFile; fileRef = 4EDE47722C7E7C3D00801B43 /* CVCryptoLogo.swift */; };
		4EDE47762C7E7FC800801B43 /* Crypto.swift in Sources */ = {isa = PBXBuildFile; fileRef = 4EDE47752C7E7FC800801B43 /* Crypto.swift */; };
		4EDE47782C7FC51600801B43 /* CVCellLabel.swift in Sources */ = {isa = PBXBuildFile; fileRef = 4EDE47772C7FC51600801B43 /* CVCellLabel.swift */; };
		4EDE477A2C7FC86C00801B43 /* CVCryptoViewController.swift in Sources */ = {isa = PBXBuildFile; fileRef = 4EDE47792C7FC86C00801B43 /* CVCryptoViewController.swift */; };
/* End PBXBuildFile section */

/* Begin PBXFileReference section */
		4EDE474B2C7E27F700801B43 /* CryptoViewer.app */ = {isa = PBXFileReference; explicitFileType = wrapper.application; includeInIndex = 0; path = CryptoViewer.app; sourceTree = BUILT_PRODUCTS_DIR; };
		4EDE474E2C7E27F700801B43 /* AppDelegate.swift */ = {isa = PBXFileReference; lastKnownFileType = sourcecode.swift; path = AppDelegate.swift; sourceTree = "<group>"; };
		4EDE47502C7E27F700801B43 /* SceneDelegate.swift */ = {isa = PBXFileReference; lastKnownFileType = sourcecode.swift; path = SceneDelegate.swift; sourceTree = "<group>"; };
		4EDE47522C7E27F700801B43 /* ViewController.swift */ = {isa = PBXFileReference; lastKnownFileType = sourcecode.swift; path = ViewController.swift; sourceTree = "<group>"; };
		4EDE47572C7E27F800801B43 /* Assets.xcassets */ = {isa = PBXFileReference; lastKnownFileType = folder.assetcatalog; path = Assets.xcassets; sourceTree = "<group>"; };
		4EDE475A2C7E27F800801B43 /* Base */ = {isa = PBXFileReference; lastKnownFileType = file.storyboard; name = Base; path = Base.lproj/LaunchScreen.storyboard; sourceTree = "<group>"; };
		4EDE475C2C7E27F800801B43 /* Info.plist */ = {isa = PBXFileReference; lastKnownFileType = text.plist.xml; path = Info.plist; sourceTree = "<group>"; };
		4EDE47622C7E29FD00801B43 /* CVTabBarController.swift */ = {isa = PBXFileReference; lastKnownFileType = sourcecode.swift; path = CVTabBarController.swift; sourceTree = "<group>"; };
		4EDE47692C7E494300801B43 /* CVTrendingCryptosViewController.swift */ = {isa = PBXFileReference; lastKnownFileType = sourcecode.swift; path = CVTrendingCryptosViewController.swift; sourceTree = "<group>"; };
		4EDE476B2C7E497200801B43 /* CVFavoriteCryptosViewController.swift */ = {isa = PBXFileReference; lastKnownFileType = sourcecode.swift; path = CVFavoriteCryptosViewController.swift; sourceTree = "<group>"; };
		4EDE476F2C7E770100801B43 /* CVCryptoCell.swift */ = {isa = PBXFileReference; lastKnownFileType = sourcecode.swift; path = CVCryptoCell.swift; sourceTree = "<group>"; };
		4EDE47722C7E7C3D00801B43 /* CVCryptoLogo.swift */ = {isa = PBXFileReference; lastKnownFileType = sourcecode.swift; path = CVCryptoLogo.swift; sourceTree = "<group>"; };
		4EDE47752C7E7FC800801B43 /* Crypto.swift */ = {isa = PBXFileReference; lastKnownFileType = sourcecode.swift; path = Crypto.swift; sourceTree = "<group>"; };
		4EDE47772C7FC51600801B43 /* CVCellLabel.swift */ = {isa = PBXFileReference; lastKnownFileType = sourcecode.swift; path = CVCellLabel.swift; sourceTree = "<group>"; };
		4EDE47792C7FC86C00801B43 /* CVCryptoViewController.swift */ = {isa = PBXFileReference; lastKnownFileType = sourcecode.swift; path = CVCryptoViewController.swift; sourceTree = "<group>"; };
/* End PBXFileReference section */

/* Begin PBXFrameworksBuildPhase section */
		4EDE47482C7E27F700801B43 /* Frameworks */ = {
			isa = PBXFrameworksBuildPhase;
			buildActionMask = 2147483647;
			files = (
			);
			runOnlyForDeploymentPostprocessing = 0;
		};
/* End PBXFrameworksBuildPhase section */

/* Begin PBXGroup section */
		4EDE47422C7E27F700801B43 = {
			isa = PBXGroup;
			children = (
				4EDE474D2C7E27F700801B43 /* CryptoViewer */,
				4EDE474C2C7E27F700801B43 /* Products */,
			);
			sourceTree = "<group>";
		};
		4EDE474C2C7E27F700801B43 /* Products */ = {
			isa = PBXGroup;
			children = (
				4EDE474B2C7E27F700801B43 /* CryptoViewer.app */,
			);
			name = Products;
			sourceTree = "<group>";
		};
		4EDE474D2C7E27F700801B43 /* CryptoViewer */ = {
			isa = PBXGroup;
			children = (
				4EDE47742C7E7FB900801B43 /* Models */,
				4EDE47682C7E485900801B43 /* Screens */,
				4EDE47642C7E481800801B43 /* CustomViews */,
				4EDE474E2C7E27F700801B43 /* AppDelegate.swift */,
				4EDE47502C7E27F700801B43 /* SceneDelegate.swift */,
				4EDE47622C7E29FD00801B43 /* CVTabBarController.swift */,
				4EDE47522C7E27F700801B43 /* ViewController.swift */,
				4EDE47572C7E27F800801B43 /* Assets.xcassets */,
				4EDE47592C7E27F800801B43 /* LaunchScreen.storyboard */,
				4EDE475C2C7E27F800801B43 /* Info.plist */,
			);
			path = CryptoViewer;
			sourceTree = "<group>";
		};
		4EDE47642C7E481800801B43 /* CustomViews */ = {
			isa = PBXGroup;
			children = (
				4EDE47712C7E7C0C00801B43 /* ImageViews */,
				4EDE476E2C7E76B100801B43 /* Cells */,
				4EDE47672C7E483200801B43 /* Labels */,
				4EDE47662C7E482C00801B43 /* Buttons */,
				4EDE47652C7E482300801B43 /* TabBars */,
			);
			path = CustomViews;
			sourceTree = "<group>";
		};
		4EDE47652C7E482300801B43 /* TabBars */ = {
			isa = PBXGroup;
			children = (
			);
			path = TabBars;
			sourceTree = "<group>";
		};
		4EDE47662C7E482C00801B43 /* Buttons */ = {
			isa = PBXGroup;
			children = (
			);
			path = Buttons;
			sourceTree = "<group>";
		};
		4EDE47672C7E483200801B43 /* Labels */ = {
			isa = PBXGroup;
			children = (
				4EDE47772C7FC51600801B43 /* CVCellLabel.swift */,
			);
			path = Labels;
			sourceTree = "<group>";
		};
		4EDE47682C7E485900801B43 /* Screens */ = {
			isa = PBXGroup;
			children = (
				4EDE47692C7E494300801B43 /* CVTrendingCryptosViewController.swift */,
				4EDE476B2C7E497200801B43 /* CVFavoriteCryptosViewController.swift */,
				4EDE47792C7FC86C00801B43 /* CVCryptoViewController.swift */,
			);
			path = Screens;
			sourceTree = "<group>";
		};
		4EDE476E2C7E76B100801B43 /* Cells */ = {
			isa = PBXGroup;
			children = (
				4EDE476F2C7E770100801B43 /* CVCryptoCell.swift */,
			);
			path = Cells;
			sourceTree = "<group>";
		};
		4EDE47712C7E7C0C00801B43 /* ImageViews */ = {
			isa = PBXGroup;
			children = (
				4EDE47722C7E7C3D00801B43 /* CVCryptoLogo.swift */,
			);
			path = ImageViews;
			sourceTree = "<group>";
		};
		4EDE47742C7E7FB900801B43 /* Models */ = {
			isa = PBXGroup;
			children = (
				4EDE47752C7E7FC800801B43 /* Crypto.swift */,
			);
			path = Models;
			sourceTree = "<group>";
		};
/* End PBXGroup section */

/* Begin PBXNativeTarget section */
		4EDE474A2C7E27F700801B43 /* CryptoViewer */ = {
			isa = PBXNativeTarget;
			buildConfigurationList = 4EDE475F2C7E27F800801B43 /* Build configuration list for PBXNativeTarget "CryptoViewer" */;
			buildPhases = (
				4EDE47472C7E27F700801B43 /* Sources */,
				4EDE47482C7E27F700801B43 /* Frameworks */,
				4EDE47492C7E27F700801B43 /* Resources */,
			);
			buildRules = (
			);
			dependencies = (
			);
			name = CryptoViewer;
			productName = CryptoViewer;
			productReference = 4EDE474B2C7E27F700801B43 /* CryptoViewer.app */;
			productType = "com.apple.product-type.application";
		};
/* End PBXNativeTarget section */

/* Begin PBXProject section */
		4EDE47432C7E27F700801B43 /* Project object */ = {
			isa = PBXProject;
			attributes = {
				BuildIndependentTargetsInParallel = 1;
				LastSwiftUpdateCheck = 1540;
				LastUpgradeCheck = 1540;
				TargetAttributes = {
					4EDE474A2C7E27F700801B43 = {
						CreatedOnToolsVersion = 15.4;
					};
				};
			};
			buildConfigurationList = 4EDE47462C7E27F700801B43 /* Build configuration list for PBXProject "CryptoViewer" */;
			compatibilityVersion = "Xcode 14.0";
			developmentRegion = en;
			hasScannedForEncodings = 0;
			knownRegions = (
				en,
				Base,
			);
			mainGroup = 4EDE47422C7E27F700801B43;
			productRefGroup = 4EDE474C2C7E27F700801B43 /* Products */;
			projectDirPath = "";
			projectRoot = "";
			targets = (
				4EDE474A2C7E27F700801B43 /* CryptoViewer */,
			);
		};
/* End PBXProject section */

/* Begin PBXResourcesBuildPhase section */
		4EDE47492C7E27F700801B43 /* Resources */ = {
			isa = PBXResourcesBuildPhase;
			buildActionMask = 2147483647;
			files = (
				4EDE47582C7E27F800801B43 /* Assets.xcassets in Resources */,
				4EDE475B2C7E27F800801B43 /* Base in Resources */,
			);
			runOnlyForDeploymentPostprocessing = 0;
		};
/* End PBXResourcesBuildPhase section */

/* Begin PBXSourcesBuildPhase section */
		4EDE47472C7E27F700801B43 /* Sources */ = {
			isa = PBXSourcesBuildPhase;
			buildActionMask = 2147483647;
			files = (
				4EDE47732C7E7C3D00801B43 /* CVCryptoLogo.swift in Sources */,
				4EDE47632C7E29FD00801B43 /* CVTabBarController.swift in Sources */,
				4EDE47532C7E27F700801B43 /* ViewController.swift in Sources */,
				4EDE47782C7FC51600801B43 /* CVCellLabel.swift in Sources */,
				4EDE47762C7E7FC800801B43 /* Crypto.swift in Sources */,
				4EDE474F2C7E27F700801B43 /* AppDelegate.swift in Sources */,
				4EDE47512C7E27F700801B43 /* SceneDelegate.swift in Sources */,
				4EDE47702C7E770100801B43 /* CVCryptoCell.swift in Sources */,
				4EDE477A2C7FC86C00801B43 /* CVCryptoViewController.swift in Sources */,
				4EDE476C2C7E497200801B43 /* CVFavoriteCryptosViewController.swift in Sources */,
				4EDE476A2C7E494300801B43 /* CVTrendingCryptosViewController.swift in Sources */,
			);
			runOnlyForDeploymentPostprocessing = 0;
		};
/* End PBXSourcesBuildPhase section */

/* Begin PBXVariantGroup section */
		4EDE47592C7E27F800801B43 /* LaunchScreen.storyboard */ = {
			isa = PBXVariantGroup;
			children = (
				4EDE475A2C7E27F800801B43 /* Base */,
			);
			name = LaunchScreen.storyboard;
			sourceTree = "<group>";
		};
/* End PBXVariantGroup section */

/* Begin XCBuildConfiguration section */
		4EDE475D2C7E27F800801B43 /* Debug */ = {
			isa = XCBuildConfiguration;
			buildSettings = {
				ALWAYS_SEARCH_USER_PATHS = NO;
				ASSETCATALOG_COMPILER_GENERATE_SWIFT_ASSET_SYMBOL_EXTENSIONS = YES;
				CLANG_ANALYZER_NONNULL = YES;
				CLANG_ANALYZER_NUMBER_OBJECT_CONVERSION = YES_AGGRESSIVE;
				CLANG_CXX_LANGUAGE_STANDARD = "gnu++20";
				CLANG_ENABLE_MODULES = YES;
				CLANG_ENABLE_OBJC_ARC = YES;
				CLANG_ENABLE_OBJC_WEAK = YES;
				CLANG_WARN_BLOCK_CAPTURE_AUTORELEASING = YES;
				CLANG_WARN_BOOL_CONVERSION = YES;
				CLANG_WARN_COMMA = YES;
				CLANG_WARN_CONSTANT_CONVERSION = YES;
				CLANG_WARN_DEPRECATED_OBJC_IMPLEMENTATIONS = YES;
				CLANG_WARN_DIRECT_OBJC_ISA_USAGE = YES_ERROR;
				CLANG_WARN_DOCUMENTATION_COMMENTS = YES;
				CLANG_WARN_EMPTY_BODY = YES;
				CLANG_WARN_ENUM_CONVERSION = YES;
				CLANG_WARN_INFINITE_RECURSION = YES;
				CLANG_WARN_INT_CONVERSION = YES;
				CLANG_WARN_NON_LITERAL_NULL_CONVERSION = YES;
				CLANG_WARN_OBJC_IMPLICIT_RETAIN_SELF = YES;
				CLANG_WARN_OBJC_LITERAL_CONVERSION = YES;
				CLANG_WARN_OBJC_ROOT_CLASS = YES_ERROR;
				CLANG_WARN_QUOTED_INCLUDE_IN_FRAMEWORK_HEADER = YES;
				CLANG_WARN_RANGE_LOOP_ANALYSIS = YES;
				CLANG_WARN_STRICT_PROTOTYPES = YES;
				CLANG_WARN_SUSPICIOUS_MOVE = YES;
				CLANG_WARN_UNGUARDED_AVAILABILITY = YES_AGGRESSIVE;
				CLANG_WARN_UNREACHABLE_CODE = YES;
				CLANG_WARN__DUPLICATE_METHOD_MATCH = YES;
				COPY_PHASE_STRIP = NO;
				DEBUG_INFORMATION_FORMAT = dwarf;
				ENABLE_STRICT_OBJC_MSGSEND = YES;
				ENABLE_TESTABILITY = YES;
				ENABLE_USER_SCRIPT_SANDBOXING = YES;
				GCC_C_LANGUAGE_STANDARD = gnu17;
				GCC_DYNAMIC_NO_PIC = NO;
				GCC_NO_COMMON_BLOCKS = YES;
				GCC_OPTIMIZATION_LEVEL = 0;
				GCC_PREPROCESSOR_DEFINITIONS = (
					"DEBUG=1",
					"$(inherited)",
				);
				GCC_WARN_64_TO_32_BIT_CONVERSION = YES;
				GCC_WARN_ABOUT_RETURN_TYPE = YES_ERROR;
				GCC_WARN_UNDECLARED_SELECTOR = YES;
				GCC_WARN_UNINITIALIZED_AUTOS = YES_AGGRESSIVE;
				GCC_WARN_UNUSED_FUNCTION = YES;
				GCC_WARN_UNUSED_VARIABLE = YES;
				IPHONEOS_DEPLOYMENT_TARGET = 17.5;
				LOCALIZATION_PREFERS_STRING_CATALOGS = YES;
				MTL_ENABLE_DEBUG_INFO = INCLUDE_SOURCE;
				MTL_FAST_MATH = YES;
				ONLY_ACTIVE_ARCH = YES;
				SDKROOT = iphoneos;
				SWIFT_ACTIVE_COMPILATION_CONDITIONS = "DEBUG $(inherited)";
				SWIFT_OPTIMIZATION_LEVEL = "-Onone";
			};
			name = Debug;
		};
		4EDE475E2C7E27F800801B43 /* Release */ = {
			isa = XCBuildConfiguration;
			buildSettings = {
				ALWAYS_SEARCH_USER_PATHS = NO;
				ASSETCATALOG_COMPILER_GENERATE_SWIFT_ASSET_SYMBOL_EXTENSIONS = YES;
				CLANG_ANALYZER_NONNULL = YES;
				CLANG_ANALYZER_NUMBER_OBJECT_CONVERSION = YES_AGGRESSIVE;
				CLANG_CXX_LANGUAGE_STANDARD = "gnu++20";
				CLANG_ENABLE_MODULES = YES;
				CLANG_ENABLE_OBJC_ARC = YES;
				CLANG_ENABLE_OBJC_WEAK = YES;
				CLANG_WARN_BLOCK_CAPTURE_AUTORELEASING = YES;
				CLANG_WARN_BOOL_CONVERSION = YES;
				CLANG_WARN_COMMA = YES;
				CLANG_WARN_CONSTANT_CONVERSION = YES;
				CLANG_WARN_DEPRECATED_OBJC_IMPLEMENTATIONS = YES;
				CLANG_WARN_DIRECT_OBJC_ISA_USAGE = YES_ERROR;
				CLANG_WARN_DOCUMENTATION_COMMENTS = YES;
				CLANG_WARN_EMPTY_BODY = YES;
				CLANG_WARN_ENUM_CONVERSION = YES;
				CLANG_WARN_INFINITE_RECURSION = YES;
				CLANG_WARN_INT_CONVERSION = YES;
				CLANG_WARN_NON_LITERAL_NULL_CONVERSION = YES;
				CLANG_WARN_OBJC_IMPLICIT_RETAIN_SELF = YES;
				CLANG_WARN_OBJC_LITERAL_CONVERSION = YES;
				CLANG_WARN_OBJC_ROOT_CLASS = YES_ERROR;
				CLANG_WARN_QUOTED_INCLUDE_IN_FRAMEWORK_HEADER = YES;
				CLANG_WARN_RANGE_LOOP_ANALYSIS = YES;
				CLANG_WARN_STRICT_PROTOTYPES = YES;
				CLANG_WARN_SUSPICIOUS_MOVE = YES;
				CLANG_WARN_UNGUARDED_AVAILABILITY = YES_AGGRESSIVE;
				CLANG_WARN_UNREACHABLE_CODE = YES;
				CLANG_WARN__DUPLICATE_METHOD_MATCH = YES;
				COPY_PHASE_STRIP = NO;
				DEBUG_INFORMATION_FORMAT = "dwarf-with-dsym";
				ENABLE_NS_ASSERTIONS = NO;
				ENABLE_STRICT_OBJC_MSGSEND = YES;
				ENABLE_USER_SCRIPT_SANDBOXING = YES;
				GCC_C_LANGUAGE_STANDARD = gnu17;
				GCC_NO_COMMON_BLOCKS = YES;
				GCC_WARN_64_TO_32_BIT_CONVERSION = YES;
				GCC_WARN_ABOUT_RETURN_TYPE = YES_ERROR;
				GCC_WARN_UNDECLARED_SELECTOR = YES;
				GCC_WARN_UNINITIALIZED_AUTOS = YES_AGGRESSIVE;
				GCC_WARN_UNUSED_FUNCTION = YES;
				GCC_WARN_UNUSED_VARIABLE = YES;
				IPHONEOS_DEPLOYMENT_TARGET = 17.5;
				LOCALIZATION_PREFERS_STRING_CATALOGS = YES;
				MTL_ENABLE_DEBUG_INFO = NO;
				MTL_FAST_MATH = YES;
				SDKROOT = iphoneos;
				SWIFT_COMPILATION_MODE = wholemodule;
				VALIDATE_PRODUCT = YES;
			};
			name = Release;
		};
		4EDE47602C7E27F800801B43 /* Debug */ = {
			isa = XCBuildConfiguration;
			buildSettings = {
				ASSETCATALOG_COMPILER_APPICON_NAME = AppIcon;
				ASSETCATALOG_COMPILER_GLOBAL_ACCENT_COLOR_NAME = AccentColor;
				CODE_SIGN_STYLE = Automatic;
				CURRENT_PROJECT_VERSION = 1;
				DEVELOPMENT_TEAM = HRRR9LV6T9;
				GENERATE_INFOPLIST_FILE = YES;
				INFOPLIST_FILE = CryptoViewer/Info.plist;
				INFOPLIST_KEY_UIApplicationSupportsIndirectInputEvents = YES;
				INFOPLIST_KEY_UILaunchStoryboardName = LaunchScreen;
				INFOPLIST_KEY_UISupportedInterfaceOrientations = UIInterfaceOrientationPortrait;
				INFOPLIST_KEY_UISupportedInterfaceOrientations_iPad = "UIInterfaceOrientationPortrait UIInterfaceOrientationPortraitUpsideDown";
				IPHONEOS_DEPLOYMENT_TARGET = 17.0;
				LD_RUNPATH_SEARCH_PATHS = (
					"$(inherited)",
					"@executable_path/Frameworks",
				);
				MARKETING_VERSION = 1.0;
				PRODUCT_BUNDLE_IDENTIFIER = Staryk.CryptoViewer;
				PRODUCT_NAME = "$(TARGET_NAME)";
				SUPPORTED_PLATFORMS = "iphoneos iphonesimulator";
				SUPPORTS_MACCATALYST = NO;
				SUPPORTS_XR_DESIGNED_FOR_IPHONE_IPAD = NO;
				SWIFT_EMIT_LOC_STRINGS = YES;
				SWIFT_VERSION = 5.0;
				TARGETED_DEVICE_FAMILY = "1,2";
			};
			name = Debug;
		};
		4EDE47612C7E27F800801B43 /* Release */ = {
			isa = XCBuildConfiguration;
			buildSettings = {
				ASSETCATALOG_COMPILER_APPICON_NAME = AppIcon;
				ASSETCATALOG_COMPILER_GLOBAL_ACCENT_COLOR_NAME = AccentColor;
				CODE_SIGN_STYLE = Automatic;
				CURRENT_PROJECT_VERSION = 1;
				DEVELOPMENT_TEAM = HRRR9LV6T9;
				GENERATE_INFOPLIST_FILE = YES;
				INFOPLIST_FILE = CryptoViewer/Info.plist;
				INFOPLIST_KEY_UIApplicationSupportsIndirectInputEvents = YES;
				INFOPLIST_KEY_UILaunchStoryboardName = LaunchScreen;
				INFOPLIST_KEY_UISupportedInterfaceOrientations = UIInterfaceOrientationPortrait;
				INFOPLIST_KEY_UISupportedInterfaceOrientations_iPad = "UIInterfaceOrientationPortrait UIInterfaceOrientationPortraitUpsideDown";
				IPHONEOS_DEPLOYMENT_TARGET = 17.0;
				LD_RUNPATH_SEARCH_PATHS = (
					"$(inherited)",
					"@executable_path/Frameworks",
				);
				MARKETING_VERSION = 1.0;
				PRODUCT_BUNDLE_IDENTIFIER = Staryk.CryptoViewer;
				PRODUCT_NAME = "$(TARGET_NAME)";
				SUPPORTED_PLATFORMS = "iphoneos iphonesimulator";
				SUPPORTS_MACCATALYST = NO;
				SUPPORTS_XR_DESIGNED_FOR_IPHONE_IPAD = NO;
				SWIFT_EMIT_LOC_STRINGS = YES;
				SWIFT_VERSION = 5.0;
				TARGETED_DEVICE_FAMILY = "1,2";
			};
			name = Release;
		};
/* End XCBuildConfiguration section */

/* Begin XCConfigurationList section */
		4EDE47462C7E27F700801B43 /* Build configuration list for PBXProject "CryptoViewer" */ = {
			isa = XCConfigurationList;
			buildConfigurations = (
				4EDE475D2C7E27F800801B43 /* Debug */,
				4EDE475E2C7E27F800801B43 /* Release */,
			);
			defaultConfigurationIsVisible = 0;
			defaultConfigurationName = Release;
		};
		4EDE475F2C7E27F800801B43 /* Build configuration list for PBXNativeTarget "CryptoViewer" */ = {
			isa = XCConfigurationList;
			buildConfigurations = (
				4EDE47602C7E27F800801B43 /* Debug */,
				4EDE47612C7E27F800801B43 /* Release */,
			);
			defaultConfigurationIsVisible = 0;
			defaultConfigurationName = Release;
		};
/* End XCConfigurationList section */
	};
	rootObject = 4EDE47432C7E27F700801B43 /* Project object */;
}
